
Microsoft Visual Studio Solution File, Format Version 12.00
# Visual Studio Version 17
VisualStudioVersion = 17.5.33516.290
MinimumVisualStudioVersion = 10.0.40219.1
Project("{9A19103F-16F7-4668-BE54-9A1E7A4F7556}") = "Movie App", "Movie App\Movie App.csproj", "{9D4F04AA-0592-40B0-9F73-9F1402310EA1}"
EndProject
Project("{FAE04EC0-301F-11D3-BF4B-00C04F79EFBC}") = "Movie_App_Test", "Movie_App_Test\Movie_App_Test.csproj", "{48498820-720D-4289-99FD-9F7CBFBA05D9}"
EndProject
Global
	GlobalSection(SolutionConfigurationPlatforms) = preSolution
		Debug|Any CPU = Debug|Any CPU
		Release|Any CPU = Release|Any CPU
	EndGlobalSection
	GlobalSection(ProjectConfigurationPlatforms) = postSolution
		{9D4F04AA-0592-40B0-9F73-9F1402310EA1}.Debug|Any CPU.ActiveCfg = Debug|Any CPU
		{9D4F04AA-0592-40B0-9F73-9F1402310EA1}.Debug|Any CPU.Build.0 = Debug|Any CPU
		{9D4F04AA-0592-40B0-9F73-9F1402310EA1}.Release|Any CPU.ActiveCfg = Release|Any CPU
		{9D4F04AA-0592-40B0-9F73-9F1402310EA1}.Release|Any CPU.Build.0 = Release|Any CPU
		{48498820-720D-4289-99FD-9F7CBFBA05D9}.Debug|Any CPU.ActiveCfg = Debug|Any CPU
		{48498820-720D-4289-99FD-9F7CBFBA05D9}.Debug|Any CPU.Build.0 = Debug|Any CPU
		{48498820-720D-4289-99FD-9F7CBFBA05D9}.Release|Any CPU.ActiveCfg = Release|Any CPU
		{48498820-720D-4289-99FD-9F7CBFBA05D9}.Release|Any CPU.Build.0 = Release|Any CPU
	EndGlobalSection
	GlobalSection(SolutionProperties) = preSolution
		HideSolutionNode = FALSE
	EndGlobalSection
	GlobalSection(ExtensibilityGlobals) = postSolution
		SolutionGuid = {C2F9CC3B-F161-4329-A32C-588C2AED6A4E}
	EndGlobalSection
EndGlobal
